
Microsoft Visual Studio Solution File, Format Version 12.00
# Visual Studio Version 17
VisualStudioVersion = 17.10.35013.160
MinimumVisualStudioVersion = 10.0.40219.1
Project("{FAE04EC0-301F-11D3-BF4B-00C04F79EFBC}") = "exempleAPIRest", "exempleAPIRest\exempleAPIRest.csproj", "{DF61421D-FB23-4487-8B45-E410CE4E2860}"
EndProject
Global
	GlobalSection(SolutionConfigurationPlatforms) = preSolution
		Debug|Any CPU = Debug|Any CPU
		Release|Any CPU = Release|Any CPU
	EndGlobalSection
	GlobalSection(ProjectConfigurationPlatforms) = postSolution
		{DF61421D-FB23-4487-8B45-E410CE4E2860}.Debug|Any CPU.ActiveCfg = Debug|Any CPU
		{DF61421D-FB23-4487-8B45-E410CE4E2860}.Debug|Any CPU.Build.0 = Debug|Any CPU
		{DF61421D-FB23-4487-8B45-E410CE4E2860}.Release|Any CPU.ActiveCfg = Release|Any CPU
		{DF61421D-FB23-4487-8B45-E410CE4E2860}.Release|Any CPU.Build.0 = Release|Any CPU
	EndGlobalSection
	GlobalSection(SolutionProperties) = preSolution
		HideSolutionNode = FALSE
	EndGlobalSection
	GlobalSection(ExtensibilityGlobals) = postSolution
		SolutionGuid = {40C8D5CC-187B-4A7B-9E09-9A05656E40DF}
	EndGlobalSection
EndGlobal
